
Microsoft Visual Studio Solution File, Format Version 12.00
# Visual Studio Version 17
VisualStudioVersion = 17.8.34525.116
MinimumVisualStudioVersion = 10.0.40219.1
Project("{FAE04EC0-301F-11D3-BF4B-00C04F79EFBC}") = "WebApplication2", "WebApplication2\WebApplication2.csproj", "{38F1EC2A-88FF-4191-B192-E91C99B3A33F}"
EndProject
Global
	GlobalSection(SolutionConfigurationPlatforms) = preSolution
		Debug|Any CPU = Debug|Any CPU
		Release|Any CPU = Release|Any CPU
	EndGlobalSection
	GlobalSection(ProjectConfigurationPlatforms) = postSolution
		{38F1EC2A-88FF-4191-B192-E91C99B3A33F}.Debug|Any CPU.ActiveCfg = Debug|Any CPU
		{38F1EC2A-88FF-4191-B192-E91C99B3A33F}.Debug|Any CPU.Build.0 = Debug|Any CPU
		{38F1EC2A-88FF-4191-B192-E91C99B3A33F}.Release|Any CPU.ActiveCfg = Release|Any CPU
		{38F1EC2A-88FF-4191-B192-E91C99B3A33F}.Release|Any CPU.Build.0 = Release|Any CPU
	EndGlobalSection
	GlobalSection(SolutionProperties) = preSolution
		HideSolutionNode = FALSE
	EndGlobalSection
	GlobalSection(ExtensibilityGlobals) = postSolution
		SolutionGuid = {B1CA61FB-12AA-4E52-AC62-598CBEE7B9D3}
	EndGlobalSection
EndGlobal
